
Microsoft Visual Studio Solution File, Format Version 12.00
Project("{FAE04EC0-301F-11D3-BF4B-00C04F79EFBC}") = "SRP", "SRP\SRP.csproj", "{39C685D7-47FF-4391-BEAC-3D75689E8FAC}"
EndProject
Project("{FAE04EC0-301F-11D3-BF4B-00C04F79EFBC}") = "OCP", "OCP\OCP.csproj", "{365911E7-71AF-4AF3-8E55-28BF6C4A9386}"
EndProject
Project("{FAE04EC0-301F-11D3-BF4B-00C04F79EFBC}") = "LSP", "LSP\LSP.csproj", "{6C5BF476-7BF0-4C64-965A-AA6744FB537A}"
EndProject
Project("{FAE04EC0-301F-11D3-BF4B-00C04F79EFBC}") = "ISP", "ISP\ISP.csproj", "{F716E1F6-87F2-4474-92AD-AC93C4BA8156}"
EndProject
Project("{FAE04EC0-301F-11D3-BF4B-00C04F79EFBC}") = "DIP", "DIP\DIP.csproj", "{661EE961-9D02-447E-80E6-1B736FDEACCB}"
EndProject
Global
	GlobalSection(SolutionConfigurationPlatforms) = preSolution
		Debug|Any CPU = Debug|Any CPU
		Release|Any CPU = Release|Any CPU
	EndGlobalSection
	GlobalSection(ProjectConfigurationPlatforms) = postSolution
		{39C685D7-47FF-4391-BEAC-3D75689E8FAC}.Debug|Any CPU.ActiveCfg = Debug|Any CPU
		{39C685D7-47FF-4391-BEAC-3D75689E8FAC}.Debug|Any CPU.Build.0 = Debug|Any CPU
		{39C685D7-47FF-4391-BEAC-3D75689E8FAC}.Release|Any CPU.ActiveCfg = Release|Any CPU
		{39C685D7-47FF-4391-BEAC-3D75689E8FAC}.Release|Any CPU.Build.0 = Release|Any CPU
		{365911E7-71AF-4AF3-8E55-28BF6C4A9386}.Debug|Any CPU.ActiveCfg = Debug|Any CPU
		{365911E7-71AF-4AF3-8E55-28BF6C4A9386}.Debug|Any CPU.Build.0 = Debug|Any CPU
		{365911E7-71AF-4AF3-8E55-28BF6C4A9386}.Release|Any CPU.ActiveCfg = Release|Any CPU
		{365911E7-71AF-4AF3-8E55-28BF6C4A9386}.Release|Any CPU.Build.0 = Release|Any CPU
		{6C5BF476-7BF0-4C64-965A-AA6744FB537A}.Debug|Any CPU.ActiveCfg = Debug|Any CPU
		{6C5BF476-7BF0-4C64-965A-AA6744FB537A}.Debug|Any CPU.Build.0 = Debug|Any CPU
		{6C5BF476-7BF0-4C64-965A-AA6744FB537A}.Release|Any CPU.ActiveCfg = Release|Any CPU
		{6C5BF476-7BF0-4C64-965A-AA6744FB537A}.Release|Any CPU.Build.0 = Release|Any CPU
		{F716E1F6-87F2-4474-92AD-AC93C4BA8156}.Debug|Any CPU.ActiveCfg = Debug|Any CPU
		{F716E1F6-87F2-4474-92AD-AC93C4BA8156}.Debug|Any CPU.Build.0 = Debug|Any CPU
		{F716E1F6-87F2-4474-92AD-AC93C4BA8156}.Release|Any CPU.ActiveCfg = Release|Any CPU
		{F716E1F6-87F2-4474-92AD-AC93C4BA8156}.Release|Any CPU.Build.0 = Release|Any CPU
		{661EE961-9D02-447E-80E6-1B736FDEACCB}.Debug|Any CPU.ActiveCfg = Debug|Any CPU
		{661EE961-9D02-447E-80E6-1B736FDEACCB}.Debug|Any CPU.Build.0 = Debug|Any CPU
		{661EE961-9D02-447E-80E6-1B736FDEACCB}.Release|Any CPU.ActiveCfg = Release|Any CPU
		{661EE961-9D02-447E-80E6-1B736FDEACCB}.Release|Any CPU.Build.0 = Release|Any CPU
	EndGlobalSection
EndGlobal
